# This file is autogenerated, do not edit; changes may be undone by the next 'dep ensure'.


[[projects]]
  digest = "1:a05394516d4a2741a077dc3e32bbf42ce9d14583ede436bfcf09baf3cad80329"
  name = "cloud.google.com/go"
  packages = [
    "compute/metadata",
    "container/apiv1",
    "internal/version",
    "monitoring/apiv3",
    "trace/apiv2",
  ]
  pruneopts = "NUT"
  revision = "ceeb313ad77b789a7fa5287b36a1d127b69b7093"
  version = "v0.44.3"

[[projects]]
  digest = "1:c1e8c027918e8a7cf79327f35ca2919cb997ecaa928116e3c2b470d06d0e9c12"
  name = "contrib.go.opencensus.io/exporter/stackdriver"
  packages = [
    ".",
    "monitoredresource",
  ]
  pruneopts = "NUT"
  revision = "bf39ce456bd8c6e2e3e37ef9775ed8b10628feca"
  version = "v0.12.5"

[[projects]]
  branch = "2.x"
  digest = "1:f198c9213547e59cb10260bf9c3c1bf6e760298ef5268e1f980d950e0d317880"
  name = "github.com/Masterminds/semver"
  packages = ["."]
  pruneopts = "NUT"
  revision = "3c92f33da7a84de8314f3ff82e5f919b89fd1492"

[[projects]]
  digest = "1:5e4de188bac29c98e6d747ff06911d6ce515646c318f7d65f45ffe96c59dc0aa"
  name = "github.com/Masterminds/vcs"
  packages = ["."]
  pruneopts = "NUT"
  revision = "f94282d8632a0620f79f0c6ff0e82604e8c5c85b"
  version = "v1.13.1"

[[projects]]
  digest = "1:e5ca3dcabf1452b51be600af6e2ce0a93a94978ae231af802cf9736bdbd835cb"
  name = "github.com/armon/go-radix"
  packages = ["."]
  pruneopts = "NUT"
  revision = "1a2de0c21c94309923825da3df33a4381872c795"
  version = "v1.0.0"

[[projects]]
  digest = "1:e46040528658144777ee855022ef3dbb8b9421907c1f6f26cf770bce9ecfddf5"
  name = "github.com/aws/aws-sdk-go"
  packages = [
    "aws",
    "aws/awserr",
    "aws/awsutil",
    "aws/client",
    "aws/client/metadata",
    "aws/corehandlers",
    "aws/credentials",
    "aws/credentials/ec2rolecreds",
    "aws/credentials/endpointcreds",
    "aws/credentials/processcreds",
    "aws/credentials/stscreds",
    "aws/csm",
    "aws/defaults",
    "aws/ec2metadata",
    "aws/endpoints",
    "aws/request",
    "aws/session",
    "aws/signer/v4",
    "internal/ini",
    "internal/sdkio",
    "internal/sdkrand",
    "internal/sdkuri",
    "internal/shareddefaults",
    "private/protocol",
    "private/protocol/json/jsonutil",
    "private/protocol/query",
    "private/protocol/query/queryutil",
    "private/protocol/rest",
    "private/protocol/xml/xmlutil",
    "service/sts",
    "service/sts/stsiface",
  ]
  pruneopts = "NUT"
  revision = "fe1a8f58dd8410b629e504f0cf0315ca74a1e20a"
  version = "v1.23.2"

[[projects]]
  digest = "1:a12d94258c5298ead75e142e8001224bf029f302fed9e96cd39c0eaf90f3954d"
  name = "github.com/boltdb/bolt"
  packages = ["."]
  pruneopts = "NUT"
  revision = "2f1ce7a837dcb8da3ec595b1dac9d0632f0f99e8"
  version = "v1.3.1"

[[projects]]
  digest = "1:e7d26760c4e7d67a443b082153c4b473ad0b8f7388302a2f788b1360f751abb8"
  name = "github.com/census-instrumentation/opencensus-proto"
  packages = [
    "gen-go/agent/common/v1",
    "gen-go/metrics/v1",
    "gen-go/resource/v1",
  ]
  pruneopts = "NUT"
  revision = "d89fa54de508111353cb0b06403c00569be780d8"
  version = "v0.2.1"

[[projects]]
  digest = "1:a58083c7c5f9e83cc3bc1af06f53b92693ed6cbdf691a1f3a14dcb2bcee2f53c"
  name = "github.com/client9/misspell"
  packages = [
    ".",
    "cmd/misspell",
  ]
  pruneopts = "NUT"
  revision = "b90dc15cfd220ecf8bbc9043ecb928cef381f011"
  version = "v0.3.4"

[[projects]]
  digest = "1:7e05fbb13face7af6bf064ca3a8bbd8c4fcaff81e1d6ce430d8075b001ad5b82"
  name = "github.com/cloudevents/sdk-go"
  packages = [
    ".",
    "pkg/cloudevents",
    "pkg/cloudevents/client",
    "pkg/cloudevents/context",
    "pkg/cloudevents/datacodec",
    "pkg/cloudevents/datacodec/json",
    "pkg/cloudevents/datacodec/xml",
    "pkg/cloudevents/observability",
    "pkg/cloudevents/transport",
    "pkg/cloudevents/transport/http",
    "pkg/cloudevents/types",
  ]
  pruneopts = "NUT"
  revision = "9c1f61edb2fefdf4de9ccea47af1648e960f47f8"
  version = "v0.8.0"

[[projects]]
  digest = "1:ffe9824d294da03b391f44e1ae8281281b4afc1bdaa9588c9097785e3af10cec"
  name = "github.com/davecgh/go-spew"
  packages = ["spew"]
  pruneopts = "NUT"
  revision = "8991bc29aa16c548c550c7ff78260e27b9ab7c73"
  version = "v1.1.1"

[[projects]]
  digest = "1:b498b36dbb2b306d1c5205ee5236c9e60352be8f9eea9bf08186723a9f75b4f3"
  name = "github.com/emirpasic/gods"
  packages = [
    "containers",
    "lists",
    "lists/arraylist",
    "trees",
    "trees/binaryheap",
    "utils",
  ]
  pruneopts = "NUT"
  revision = "1615341f118ae12f353cc8a983f35b584342c9b3"
  version = "v1.12.0"

[[projects]]
  digest = "1:32598368f409bbee79deb9d43569fcd92b9fb27f39155f5e166b3371217f051f"
  name = "github.com/evanphx/json-patch"
  packages = ["."]
  pruneopts = "NUT"
  revision = "72bf35d0ff611848c1dc9df0f976c81192392fa5"
  version = "v4.1.0"

[[projects]]
  digest = "1:81466b4218bf6adddac2572a30ac733a9255919bc2f470b4827a317bd4ee1756"
  name = "github.com/ghodss/yaml"
  packages = ["."]
  pruneopts = "NUT"
  revision = "0ca9ea5df5451ffdf184b4428c902747c2c11cd7"
  version = "v1.0.0"

[[projects]]
  digest = "1:8679b8a64f3613e9749c5640c3535c83399b8e69f67ce54d91dc73f6d77373af"
  name = "github.com/gogo/protobuf"
  packages = [
    "proto",
    "sortkeys",
  ]
  pruneopts = "NUT"
  revision = "636bf0302bc95575d69441b25a2603156ffdddf1"
  version = "v1.1.1"

[[projects]]
  digest = "1:bbeecf25d31e77d3e26946989ab5b2c5b7c0d445364d1f30449c838340f98ebe"
  name = "github.com/golang/dep"
  packages = [
    ".",
    "cmd/dep",
    "gps",
    "gps/internal/pb",
    "gps/paths",
    "gps/pkgtree",
    "gps/verify",
    "internal/feedback",
    "internal/fs",
    "internal/importers",
    "internal/importers/base",
    "internal/importers/glide",
    "internal/importers/glock",
    "internal/importers/godep",
    "internal/importers/govend",
    "internal/importers/govendor",
    "internal/importers/gvt",
    "internal/importers/vndr",
  ]
  pruneopts = "NUT"
  revision = "1f7c19e5f52f49ffb9f956f64c010be14683468b"
  version = "v0.5.4"

[[projects]]
  branch = "master"
  digest = "1:e2b86e41f3d669fc36b50d31d32d22c8ac656c75aa5ea89717ce7177e134ff2a"
  name = "github.com/golang/glog"
  packages = ["."]
  pruneopts = "NUT"
  revision = "23def4e6c14b4da8ac2ed8007337bc5eb5007998"

[[projects]]
  digest = "1:f5a98770ab68c1146ee5cc14ed24aafa2bb1a2b3c89cbeadc9eb913b1f9d930a"
  name = "github.com/golang/protobuf"
  packages = [
    "proto",
    "protoc-gen-go/descriptor",
    "ptypes",
    "ptypes/any",
    "ptypes/duration",
    "ptypes/empty",
    "ptypes/struct",
    "ptypes/timestamp",
    "ptypes/wrappers",
  ]
  pruneopts = "NUT"
  revision = "6c65a5562fc06764971b7c5d05c76c75e84bdbf7"
  version = "v1.3.2"

[[projects]]
  branch = "master"
  digest = "1:05f95ffdfcf651bdb0f05b40b69e7f5663047f8da75c72d58728acb59b5cc107"
  name = "github.com/google/btree"
  packages = ["."]
  pruneopts = "NUT"
  revision = "4030bb1f1f0c35b30ca7009e9ebd06849dd45306"

[[projects]]
  digest = "1:d2754cafcab0d22c13541618a8029a70a8959eb3525ff201fe971637e2274cd0"
  name = "github.com/google/go-cmp"
  packages = [
    "cmp",
    "cmp/cmpopts",
    "cmp/internal/diff",
    "cmp/internal/function",
    "cmp/internal/value",
  ]
  pruneopts = "NUT"
  revision = "3af367b6b30c263d47e8895973edcca9a49cf029"
  version = "v0.2.0"

[[projects]]
  digest = "1:f4f203acd8b11b8747bdcd91696a01dbc95ccb9e2ca2db6abf81c3a4f5e950ce"
  name = "github.com/google/go-github"
  packages = ["github"]
  pruneopts = "NUT"
  revision = "f55b50f38167644bb7e4be03d9a2bde71d435239"
  version = "v18.2.0"

[[projects]]
  digest = "1:a63cff6b5d8b95638bfe300385d93b2a6d9d687734b863da8e09dc834510a690"
  name = "github.com/google/go-querystring"
  packages = ["query"]
  pruneopts = "NUT"
  revision = "44c6ddd0a2342c386950e880b658017258da92fc"
  version = "v1.0.0"

[[projects]]
  branch = "master"
  digest = "1:52c5834e2bebac9030c97cc0798ac11c3aa8a39f098aeb419f142533da6cd3cc"
  name = "github.com/google/gofuzz"
  packages = ["."]
  pruneopts = "NUT"
  revision = "24818f796faf91cd76ec7bddd72458fbced7a6c1"

[[projects]]
  digest = "1:ab3ec1fe3e39bac4b3ab63390767766622be35b7cab03f47f787f9ec60522a53"
  name = "github.com/google/uuid"
  packages = ["."]
  pruneopts = "NUT"
  revision = "0cd6bf5da1e1c83f8b45653022c74f71af0538a4"
  version = "v1.1.1"

[[projects]]
  digest = "1:4b76f3e067eed897a45242383a2aa4d0a2fdbf73a8d00c03167dba80c43630b1"
  name = "github.com/googleapis/gax-go"
  packages = ["v2"]
  pruneopts = "NUT"
  revision = "bd5b16380fd03dc758d11cef74ba2e3bc8b0e8c2"
  version = "v2.0.5"

[[projects]]
  digest = "1:06a7dadb7b760767341ffb6c8d377238d68a1226f2b21b5d497d2e3f6ecf6b4e"
  name = "github.com/googleapis/gnostic"
  packages = [
    "OpenAPIv2",
    "compiler",
    "extensions",
  ]
  pruneopts = "NUT"
  revision = "7c663266750e7d82587642f65e60bc4083f1f84e"
  version = "v0.2.0"

[[projects]]
  digest = "1:4a0c072e44da763409da72d41492373a034baf2e6d849c76d239b4abdfbb6c49"
  name = "github.com/gorilla/websocket"
  packages = ["."]
  pruneopts = "NUT"
  revision = "66b9c49e59c6c48f0ffce28c2d8b8a5678502c6d"
  version = "v1.4.0"

[[projects]]
  branch = "master"
  digest = "1:7fdf3223c7372d1ced0b98bf53457c5e89d89aecbad9a77ba9fcc6e01f9e5621"
  name = "github.com/gregjones/httpcache"
  packages = [
    ".",
    "diskcache",
  ]
  pruneopts = "NUT"
  revision = "c63ab54fda8f77302f8d414e19933f2b6026a089"

[[projects]]
  digest = "1:b42cde0e1f3c816dd57f57f7bbcf05ca40263ad96f168714c130c611fc0856a6"
  name = "github.com/hashicorp/golang-lru"
  packages = [
    ".",
    "simplelru",
  ]
  pruneopts = "NUT"
  revision = "20f1fb78b0740ba8c3cb143a61e86ba5c8669768"
  version = "v0.5.0"

[[projects]]
  branch = "master"
  digest = "1:62fe3a7ea2050ecbd753a71889026f83d73329337ada66325cbafd5dea5f713d"
  name = "github.com/jbenet/go-context"
  packages = ["io"]
  pruneopts = "NUT"
  revision = "d14ea06fba99483203c19d92cfcd13ebe73135f4"

[[projects]]
  digest = "1:f5169729244becc423886eae4d72547e28ac3f13f861bed8a9d749bc7238a1c3"
  name = "github.com/jmank88/nuts"
  packages = ["."]
  pruneopts = "NUT"
  revision = "8b28145dffc87104e66d074f62ea8080edfad7c8"
  version = "v0.3.0"

[[projects]]
  digest = "1:1f2aebae7e7c856562355ec0198d8ca2fa222fb05e5b1b66632a1fce39631885"
  name = "github.com/jmespath/go-jmespath"
  packages = ["."]
  pruneopts = "NUT"
  revision = "c2b33e84"

[[projects]]
  digest = "1:8e36686e8b139f8fe240c1d5cf3a145bc675c22ff8e707857cdd3ae17b00d728"
  name = "github.com/json-iterator/go"
  packages = ["."]
  pruneopts = "NUT"
  revision = "1624edc4454b8682399def8740d46db5e4362ba4"
  version = "v1.1.5"

[[projects]]
  digest = "1:08c58ac78a8c1f61e9a96350066d30fe194b8779799bd932a79932a5166a173f"
  name = "github.com/kelseyhightower/envconfig"
  packages = ["."]
  pruneopts = "NUT"
  revision = "0b417c4ec4a8a82eecc22a1459a504aa55163d61"
  version = "v1.4.0"

[[projects]]
  digest = "1:29e44e9481a689be0093a0033299b95741d394a97b28e0273c21afe697873a22"
  name = "github.com/kevinburke/ssh_config"
  packages = ["."]
  pruneopts = "NUT"
  revision = "81db2a75821ed34e682567d48be488a1c3121088"
  version = "0.5"

[[projects]]
  digest = "1:30144622d33fcef028f004ba9232575dc18c51403f7660410edbc13d646dfa50"
  name = "github.com/knative/build"
  packages = [
    "pkg/apis/build",
    "pkg/apis/build/v1alpha1",
    "pkg/client/clientset/versioned",
    "pkg/client/clientset/versioned/scheme",
    "pkg/client/clientset/versioned/typed/build/v1alpha1",
  ]
  pruneopts = "NUT"
  revision = "94859753e2c6724df2be86f6a254f810895fa3eb"
  version = "v0.2.0"

[[projects]]
  branch = "master"
  digest = "1:f7da9e46e110b889a0075675c14935b3e8d86bdb7ddf83c98c22125f8c54f759"
  name = "github.com/knative/pkg"
  packages = [
    "apis",
    "apis/duck",
    "apis/duck/v1alpha1",
    "kmeta",
  ]
  pruneopts = "NUT"
  revision = "bace35862602a3d4b83bc4222805a18f9e637a35"

[[projects]]
  branch = "master"
  digest = "1:0e9bfc47ab9941ecc3344e580baca5deb4091177e84dd9773b48b38ec26b93d5"
  name = "github.com/mattbaird/jsonpatch"
  packages = ["."]
  pruneopts = "NUT"
  revision = "81af80346b1a01caae0cbc27fd3c1ba5b11e189f"

[[projects]]
  branch = "master"
  digest = "1:03445dff01bca3f8d898838f23f34ca55412c15c5b912a7a484ac4af246f4c58"
  name = "github.com/mattmoor/bindings"
  packages = [
    "pkg/bindings",
    "pkg/github",
    "pkg/slack",
  ]
  pruneopts = "NUT"
  revision = "a191c6fd1f7b96f9d3a1449ccac7f86d1e7bc41c"

[[projects]]
  digest = "1:a4df73029d2c42fabcb6b41e327d2f87e685284ec03edf76921c267d9cfc9c23"
  name = "github.com/mitchellh/go-homedir"
  packages = ["."]
  pruneopts = "NUT"
  revision = "ae18d6b8b3205b561c79e8e5f69bff09736185f4"
  version = "v1.0.0"

[[projects]]
  digest = "1:2f42fa12d6911c7b7659738758631bec870b7e9b4c6be5444f963cdcfccc191f"
  name = "github.com/modern-go/concurrent"
  packages = ["."]
  pruneopts = "NUT"
  revision = "bacd9c7ef1dd9b15be4a9909b8ac7a4e313eec94"
  version = "1.0.3"

[[projects]]
  digest = "1:c6aca19413b13dc59c220ad7430329e2ec454cc310bc6d8de2c7e2b93c18a0f6"
  name = "github.com/modern-go/reflect2"
  packages = ["."]
  pruneopts = "NUT"
  revision = "4b7aa43c6742a2c18fdef89dd197aaae7dac7ccd"
  version = "1.0.1"

[[projects]]
  branch = "master"
  digest = "1:26217ee135b8157549e648efe97dff3282e4bd597a912d784db964df41067f29"
  name = "github.com/nightlyone/lockfile"
  packages = ["."]
  pruneopts = "NUT"
  revision = "0ad87eef1443f64d3d8c50da647e2b1552851124"

[[projects]]
  digest = "1:ffa205c9fca8c776891ba53dd4cb78d5c2a68b78e94d5bd3e47041c86c837ee4"
  name = "github.com/nlopes/slack"
  packages = [
    ".",
    "slackutilsx",
  ]
  pruneopts = "NUT"
  revision = "a7deeca7935c178aa865249bab511daf816288ba"
  version = "v0.5.0"

[[projects]]
  digest = "1:cf254277d898b713195cc6b4a3fac8bf738b9f1121625df27843b52b267eec6c"
  name = "github.com/pelletier/go-buffruneio"
  packages = ["."]
  pruneopts = "NUT"
  revision = "c37440a7cf42ac63b919c752ca73a85067e05992"
  version = "v0.2.0"

[[projects]]
  digest = "1:4e9827f31d4fc1ddd732a0e3af4e863d281dd405adb2bfb96a25cc5346a77caf"
  name = "github.com/pelletier/go-toml"
  packages = ["."]
  pruneopts = "NUT"
  revision = "728039f679cbcd4f6a54e080d2219a4c4928c546"
  version = "v1.4.0"

[[projects]]
  branch = "master"
  digest = "1:3bf17a6e6eaa6ad24152148a631d18662f7212e21637c2699bff3369b7f00fa2"
  name = "github.com/petar/GoLLRB"
  packages = ["llrb"]
  pruneopts = "NUT"
  revision = "53be0d36a84c2a886ca057d34b6aa4468df9ccb4"

[[projects]]
  digest = "1:6c6d91dc326ed6778783cff869c49fb2f61303cdd2ebbcf90abe53505793f3b6"
  name = "github.com/peterbourgon/diskv"
  packages = ["."]
  pruneopts = "NUT"
  revision = "5f041e8faa004a95c88a202771f4cc3e991971e6"
  version = "v2.0.1"

[[projects]]
  digest = "1:14715f705ff5dfe0ffd6571d7d201dd8e921030f8070321a79380d8ca4ec1a24"
  name = "github.com/pkg/errors"
  packages = ["."]
  pruneopts = "NUT"
  revision = "ba968bfe8b2f7e042a574c888954fccecfa385b4"
  version = "v0.8.1"

[[projects]]
  branch = "master"
  digest = "1:abb4b60c28323cde32c193ce6083bb600fac462d1780cf83461b4c23ed5ce904"
  name = "github.com/sdboyer/constext"
  packages = ["."]
  pruneopts = "NUT"
  revision = "836a144573533ea4da4e6929c235fd348aed1c80"

[[projects]]
  digest = "1:d917313f309bda80d27274d53985bc65651f81a5b66b820749ac7f8ef061fd04"
  name = "github.com/sergi/go-diff"
  packages = ["diffmatchpatch"]
  pruneopts = "NUT"
  revision = "1744e2970ca51c86172c8190fadad617561ed6e7"
  version = "v1.0.0"

[[projects]]
  digest = "1:89fd77d603a74a6540d60067debad9397865bf040955d907362c95d364baeba6"
  name = "github.com/src-d/gcfg"
  packages = [
    ".",
    "scanner",
    "token",
    "types",
  ]
  pruneopts = "NUT"
  revision = "1ac3a1ac202429a54835fe8408a92880156b489d"
  version = "v1.4.0"

[[projects]]
  digest = "1:3148cb3478c26a92b4c1a18abb9428234b281e278af6267840721a24b6cbc6a3"
  name = "github.com/xanzy/ssh-agent"
  packages = ["."]
  pruneopts = "NUT"
  revision = "640f0ab560aeb89d523bb6ac322b1244d5c3796c"
  version = "v0.2.0"

[[projects]]
  digest = "1:0e3fd52087079d1289983e4fef32268ca965973f5370b69204e2934185527baa"
  name = "go.opencensus.io"
  packages = [
    ".",
    "internal",
    "internal/tagencoding",
    "metric/metricdata",
    "metric/metricexport",
    "metric/metricproducer",
    "plugin/ocgrpc",
    "plugin/ochttp",
    "plugin/ochttp/propagation/b3",
    "resource",
    "resource/resourcekeys",
    "stats",
    "stats/internal",
    "stats/view",
    "tag",
    "trace",
    "trace/internal",
    "trace/propagation",
    "trace/tracestate",
  ]
  pruneopts = "NUT"
  revision = "9c377598961b706d1542bd2d84d538b5094d596e"
  version = "v0.22.0"

[[projects]]
  digest = "1:cc9d86ec4e6e3bdf87e3a421273bfeed003cf8e21351c0302fe8b0eb7b10efe6"
  name = "go.uber.org/atomic"
  packages = ["."]
  pruneopts = "NUT"
  revision = "df976f2515e274675050de7b3f42545de80594fd"
  version = "v1.4.0"

[[projects]]
  digest = "1:58ca93bdf81bac106ded02226b5395a0595d5346cdc4caa8d9c1f3a5f8f9976e"
  name = "go.uber.org/multierr"
  packages = ["."]
  pruneopts = "NUT"
  revision = "3c4937480c32f4c13a875a1829af76c98ca3d40a"
  version = "v1.1.0"

[[projects]]
  digest = "1:4af5a022f8c5c97734c3c6fad58fdce078e2322ddc98d3102b225a729f03916e"
  name = "go.uber.org/zap"
  packages = [
    ".",
    "buffer",
    "internal/bufferpool",
    "internal/color",
    "internal/exit",
    "zapcore",
  ]
  pruneopts = "NUT"
  revision = "27376062155ad36be76b0f12cf1572a221d3a48c"
  version = "v1.10.0"

[[projects]]
  branch = "master"
  digest = "1:9662749b6696897cbb2222ab7cb9b1fa41b830b862be330eb5bfdfb52fb14d44"
  name = "golang.org/x/crypto"
  packages = [
    "cast5",
    "curve25519",
    "ed25519",
    "ed25519/internal/edwards25519",
    "internal/chacha20",
    "internal/subtle",
    "openpgp",
    "openpgp/armor",
    "openpgp/elgamal",
    "openpgp/errors",
    "openpgp/packet",
    "openpgp/s2k",
    "poly1305",
    "ssh",
    "ssh/agent",
    "ssh/knownhosts",
    "ssh/terminal",
  ]
  pruneopts = "NUT"
  revision = "3d3f9f413869b949e48070b5bc593aa22cc2b8f2"

[[projects]]
  branch = "master"
  digest = "1:82c792687e3b34cbc9c2ccc0bc10fe29d5011e85f6482d2737043bfb4a6160c3"
  name = "golang.org/x/net"
  packages = [
    "context",
    "context/ctxhttp",
    "http/httpguts",
    "http2",
    "http2/hpack",
    "idna",
    "internal/timeseries",
    "trace",
  ]
  pruneopts = "NUT"
  revision = "adae6a3d119ae4890b46832a2e88a95adc62b8e7"

[[projects]]
  branch = "master"
  digest = "1:286347e7534393dccf6e9bb8e912730c02f0de71bc93f820906511817b61cf3a"
  name = "golang.org/x/oauth2"
  packages = [
    ".",
    "google",
    "internal",
    "jws",
    "jwt",
  ]
  pruneopts = "NUT"
  revision = "f42d05182288abf10faef86d16c0d07b8d40ea2d"

[[projects]]
  branch = "master"
  digest = "1:a2fc247e64b5dafd3251f12d396ec85f163d5bb38763c4997856addddf6e78d8"
  name = "golang.org/x/sync"
  packages = [
    "errgroup",
    "semaphore",
  ]
  pruneopts = "NUT"
  revision = "112230192c580c3556b8cee6403af37a4fc5f28c"

[[projects]]
  branch = "master"
  digest = "1:710483a12b766fb0e99ab26cbf6f82df2d958e94cb28890fcb2db96f76d39762"
  name = "golang.org/x/sys"
  packages = [
    "unix",
    "windows",
  ]
  pruneopts = "NUT"
  revision = "62eef0e2fa9b2c385f7b2778e763486da6880d37"

[[projects]]
  digest = "1:e7071ed636b5422cc51c0e3a6cebc229d6c9fffc528814b519a980641422d619"
  name = "golang.org/x/text"
  packages = [
    "collate",
    "collate/build",
    "internal/colltab",
    "internal/gen",
    "internal/tag",
    "internal/triegen",
    "internal/ucd",
    "language",
    "secure/bidirule",
    "transform",
    "unicode/bidi",
    "unicode/cldr",
    "unicode/norm",
    "unicode/rangetable",
  ]
  pruneopts = "NUT"
  revision = "f21a4dfb5e38f5895301dc265a8def02365cc3d0"
  version = "v0.3.0"

[[projects]]
  branch = "master"
  digest = "1:9fdc2b55e8e0fafe4b41884091e51e77344f7dc511c5acedcfd98200003bff90"
  name = "golang.org/x/time"
  packages = ["rate"]
  pruneopts = "NUT"
  revision = "85acf8d2951cb2a3bde7632f9ff273ef0379bcbd"

[[projects]]
  digest = "1:fc590bb6883649daf0133b7785b860707f43bdbffcc726ba0a79fb002e8bab4e"
  name = "golang.org/x/tools"
  packages = [
    "cmd/goimports",
    "go/ast/astutil",
    "imports",
    "internal/fastwalk",
    "internal/gopathwalk",
  ]
  pruneopts = "NUT"
  revision = "4c874b978acba4ecd4a257d3bb8829dd5de17be8"

[[projects]]
  branch = "master"
  digest = "1:9b9245bd124d95af7072487cd1e5861174b859ebc31cbe9fbab3b88456701485"
  name = "google.golang.org/api"
  packages = [
    "googleapi/transport",
    "internal",
    "iterator",
    "option",
    "support/bundler",
    "transport",
    "transport/grpc",
    "transport/http",
    "transport/http/internal/propagation",
  ]
  pruneopts = "NUT"
  revision = "954df90885a21cbb22088134ab537facda86943c"

[[projects]]
  digest = "1:b400989fa9ecf8f825e9092d41c9779444afeda5d5ce7f5c9d4a9ca9d05c949c"
  name = "google.golang.org/appengine"
  packages = [
    ".",
    "internal",
    "internal/app_identity",
    "internal/base",
    "internal/datastore",
    "internal/log",
    "internal/modules",
    "internal/remote_api",
    "internal/socket",
    "internal/urlfetch",
    "socket",
    "urlfetch",
  ]
  pruneopts = "NUT"
  revision = "4a4468ece617fc8205e99368fa2200e9d1fad421"
  version = "v1.3.0"

[[projects]]
  branch = "master"
  digest = "1:e6d6bd197f462351b296aaf05d59d895049a77492576efd47dd125b421a573f4"
  name = "google.golang.org/genproto"
  packages = [
    "googleapis/api",
    "googleapis/api/annotations",
    "googleapis/api/distribution",
    "googleapis/api/label",
    "googleapis/api/metric",
    "googleapis/api/monitoredres",
    "googleapis/container/v1",
    "googleapis/devtools/cloudtrace/v2",
    "googleapis/monitoring/v3",
    "googleapis/rpc/status",
    "protobuf/field_mask",
  ]
  pruneopts = "NUT"
  revision = "fa694d86fc64c7654a660f8908de4e879866748d"

[[projects]]
  digest = "1:2e20cc8120747b862c7a415722466b9599d1e720d186ca2d441e27826822a3fe"
  name = "google.golang.org/grpc"
  packages = [
    ".",
    "balancer",
    "balancer/base",
    "balancer/grpclb",
    "balancer/grpclb/grpc_lb_v1",
    "balancer/roundrobin",
    "binarylog/grpc_binarylog_v1",
    "codes",
    "connectivity",
    "credentials",
    "credentials/alts",
    "credentials/alts/internal",
    "credentials/alts/internal/authinfo",
    "credentials/alts/internal/conn",
    "credentials/alts/internal/handshaker",
    "credentials/alts/internal/handshaker/service",
    "credentials/alts/internal/proto/grpc_gcp",
    "credentials/google",
    "credentials/internal",
    "credentials/oauth",
    "encoding",
    "encoding/proto",
    "grpclog",
    "internal",
    "internal/backoff",
    "internal/balancerload",
    "internal/binarylog",
    "internal/channelz",
    "internal/envconfig",
    "internal/grpcrand",
    "internal/grpcsync",
    "internal/syscall",
    "internal/transport",
    "keepalive",
    "metadata",
    "naming",
    "peer",
    "resolver",
    "resolver/dns",
    "resolver/passthrough",
    "serviceconfig",
    "stats",
    "status",
    "tap",
  ]
  pruneopts = "NUT"
  revision = "6eaf6f47437a6b4e2153a190160ef39a92c7eceb"
  version = "v1.23.0"

[[projects]]
  digest = "1:2d1fbdc6777e5408cabeb02bf336305e724b925ff4546ded0fa8715a7267922a"
  name = "gopkg.in/inf.v0"
  packages = ["."]
  pruneopts = "NUT"
  revision = "d2d2541c53f18d2a059457998ce2876cc8e67cbf"
  version = "v0.9.1"

[[projects]]
  digest = "1:1cf1388ec8c73b7ecc711d9f279ab631ea0a6964d1ccc32809a6be90c33fa2a0"
  name = "gopkg.in/src-d/go-billy.v4"
  packages = [
    ".",
    "helper/chroot",
    "helper/polyfill",
    "osfs",
    "util",
  ]
  pruneopts = "NUT"
  revision = "982626487c60a5252e7d0b695ca23fb0fa2fd670"
  version = "v4.3.0"

[[projects]]
  digest = "1:8a0efb153cc5b7e0e129d716834217be483e2b326e72f3dcca8b03cd3207e9e4"
  name = "gopkg.in/src-d/go-git.v4"
  packages = [
    ".",
    "config",
    "internal/revision",
    "plumbing",
    "plumbing/cache",
    "plumbing/filemode",
    "plumbing/format/config",
    "plumbing/format/diff",
    "plumbing/format/gitignore",
    "plumbing/format/idxfile",
    "plumbing/format/index",
    "plumbing/format/objfile",
    "plumbing/format/packfile",
    "plumbing/format/pktline",
    "plumbing/object",
    "plumbing/protocol/packp",
    "plumbing/protocol/packp/capability",
    "plumbing/protocol/packp/sideband",
    "plumbing/revlist",
    "plumbing/storer",
    "plumbing/transport",
    "plumbing/transport/client",
    "plumbing/transport/file",
    "plumbing/transport/git",
    "plumbing/transport/http",
    "plumbing/transport/internal/common",
    "plumbing/transport/server",
    "plumbing/transport/ssh",
    "storage",
    "storage/filesystem",
    "storage/filesystem/dotgit",
    "storage/memory",
    "utils/binary",
    "utils/diff",
    "utils/ioutil",
    "utils/merkletrie",
    "utils/merkletrie/filesystem",
    "utils/merkletrie/index",
    "utils/merkletrie/internal/frame",
    "utils/merkletrie/noder",
  ]
  pruneopts = "NUT"
  revision = "f62cd8e3495579a8323455fa0c4e6c44bb0d5e09"
  version = "v4.8.0"

[[projects]]
  digest = "1:b233ad4ec87ac916e7bf5e678e98a2cb9e8b52f6de6ad3e11834fc7a71b8e3bf"
  name = "gopkg.in/warnings.v0"
  packages = ["."]
  pruneopts = "NUT"
  revision = "ec4a0fea49c7b46c2aeb0b51aac55779c607e52b"
  version = "v0.1.2"

[[projects]]
  digest = "1:18108594151654e9e696b27b181b953f9a90b16bf14d253dd1b397b025a1487f"
  name = "gopkg.in/yaml.v2"
  packages = ["."]
  pruneopts = "NUT"
  revision = "51d6538a90f86fe93ac480b35f37b2be17fef232"
  version = "v2.2.2"

[[projects]]
  digest = "1:66dba704ec98aef0d6485f4fcfe544c906a7319fb2b20e0de4181b46a3b24c8a"
  name = "k8s.io/api"
  packages = [
    "admissionregistration/v1alpha1",
    "admissionregistration/v1beta1",
    "apps/v1",
    "apps/v1beta1",
    "apps/v1beta2",
    "authentication/v1",
    "authentication/v1beta1",
    "authorization/v1",
    "authorization/v1beta1",
    "autoscaling/v1",
    "autoscaling/v2beta1",
    "batch/v1",
    "batch/v1beta1",
    "batch/v2alpha1",
    "certificates/v1beta1",
    "core/v1",
    "events/v1beta1",
    "extensions/v1beta1",
    "networking/v1",
    "policy/v1beta1",
    "rbac/v1",
    "rbac/v1alpha1",
    "rbac/v1beta1",
    "scheduling/v1alpha1",
    "scheduling/v1beta1",
    "settings/v1alpha1",
    "storage/v1",
    "storage/v1alpha1",
    "storage/v1beta1",
  ]
  pruneopts = "NUT"
  revision = "4e7be11eab3ffcfc1876898b8272df53785a9504"
  version = "kubernetes-1.11.3"

[[projects]]
  digest = "1:1ff9a5a6c4082aa0b3b2f915bb126267c6cd98b469915dc9b00c6fbdb660c62c"
  name = "k8s.io/apimachinery"
  packages = [
    "pkg/api/equality",
    "pkg/api/errors",
    "pkg/api/meta",
    "pkg/api/resource",
    "pkg/apis/meta/internalversion",
    "pkg/apis/meta/v1",
    "pkg/apis/meta/v1/unstructured",
    "pkg/apis/meta/v1beta1",
    "pkg/conversion",
    "pkg/conversion/queryparams",
    "pkg/fields",
    "pkg/labels",
    "pkg/runtime",
    "pkg/runtime/schema",
    "pkg/runtime/serializer",
    "pkg/runtime/serializer/json",
    "pkg/runtime/serializer/protobuf",
    "pkg/runtime/serializer/recognizer",
    "pkg/runtime/serializer/streaming",
    "pkg/runtime/serializer/versioning",
    "pkg/selection",
    "pkg/types",
    "pkg/util/cache",
    "pkg/util/clock",
    "pkg/util/diff",
    "pkg/util/errors",
    "pkg/util/framer",
    "pkg/util/intstr",
    "pkg/util/json",
    "pkg/util/net",
    "pkg/util/runtime",
    "pkg/util/sets",
    "pkg/util/validation",
    "pkg/util/validation/field",
    "pkg/util/wait",
    "pkg/util/yaml",
    "pkg/version",
    "pkg/watch",
    "third_party/forked/golang/reflect",
  ]
  pruneopts = "NUT"
  revision = "def12e63c512da17043b4f0293f52d1006603d9f"
  version = "kubernetes-1.11.3"

[[projects]]
  digest = "1:574bc2e88de56c9c2c1cadb643a9160e90872d434ba740422702788460276090"
  name = "k8s.io/client-go"
  packages = [
    "discovery",
    "dynamic",
    "kubernetes",
    "kubernetes/scheme",
    "kubernetes/typed/admissionregistration/v1alpha1",
    "kubernetes/typed/admissionregistration/v1beta1",
    "kubernetes/typed/apps/v1",
    "kubernetes/typed/apps/v1beta1",
    "kubernetes/typed/apps/v1beta2",
    "kubernetes/typed/authentication/v1",
    "kubernetes/typed/authentication/v1beta1",
    "kubernetes/typed/authorization/v1",
    "kubernetes/typed/authorization/v1beta1",
    "kubernetes/typed/autoscaling/v1",
    "kubernetes/typed/autoscaling/v2beta1",
    "kubernetes/typed/batch/v1",
    "kubernetes/typed/batch/v1beta1",
    "kubernetes/typed/batch/v2alpha1",
    "kubernetes/typed/certificates/v1beta1",
    "kubernetes/typed/core/v1",
    "kubernetes/typed/events/v1beta1",
    "kubernetes/typed/extensions/v1beta1",
    "kubernetes/typed/networking/v1",
    "kubernetes/typed/policy/v1beta1",
    "kubernetes/typed/rbac/v1",
    "kubernetes/typed/rbac/v1alpha1",
    "kubernetes/typed/rbac/v1beta1",
    "kubernetes/typed/scheduling/v1alpha1",
    "kubernetes/typed/scheduling/v1beta1",
    "kubernetes/typed/settings/v1alpha1",
    "kubernetes/typed/storage/v1",
    "kubernetes/typed/storage/v1alpha1",
    "kubernetes/typed/storage/v1beta1",
    "pkg/apis/clientauthentication",
    "pkg/apis/clientauthentication/v1alpha1",
    "pkg/apis/clientauthentication/v1beta1",
    "pkg/version",
    "plugin/pkg/client/auth/exec",
    "rest",
    "rest/watch",
    "tools/cache",
    "tools/clientcmd/api",
    "tools/metrics",
    "tools/pager",
    "tools/reference",
    "transport",
    "util/buffer",
    "util/cert",
    "util/connrotation",
    "util/flowcontrol",
    "util/integer",
    "util/retry",
  ]
  pruneopts = "NUT"
  revision = "2cefa64ff137e128daeddbd1775cd775708a05bf"
  version = "kubernetes-1.11.3"

[[projects]]
  branch = "master"
  digest = "1:0b506474fda1bea5f1b5a26a5afcf016150494ec669a648b996134b6e4a83f7d"
  name = "knative.dev/pkg"
  packages = [
    "ptr",
    "signals",
  ]
  pruneopts = "NUT"
  revision = "53034608f64e82c8e892d46197f687edb6f78b93"

[[projects]]
  digest = "1:88f93c44c50763b4fdf116e58e39e43b063e7e54e0ed60e1d3bd257a709d8d2e"
  name = "knative.dev/serving"
  packages = ["pkg/pool"]
  pruneopts = "NUT"
  revision = "3f73b117b61ee5d8fe5dcedd6cca2c96014329a9"
  version = "v0.8.0"

[[projects]]
  digest = "1:17f57ca0d1ba2c234063d64ffd589c349eb00cc3dc211df50f47e81f3d971589"
  name = "sourcegraph.com/sourcegraph/go-diff"
  packages = ["diff"]
  pruneopts = "NUT"
  revision = "c613306ac97fb4807862c088149199f0dab8685a"
  version = "v0.5.0"

[[projects]]
  digest = "1:6b1ed3514b803e40c881e6c432da3a339c5bbfb7a267b9906e77bb0c408eae77"
  name = "sourcegraph.com/sqs/pbtypes"
  packages = ["."]
  pruneopts = "NUT"
  revision = "688c2c2cb411327a50aae0f89119af9f38b0fc03"
  version = "v1.0.0"

[solve-meta]
  analyzer-name = "dep"
  analyzer-version = 1
  input-imports = [
    "cloud.google.com/go/compute/metadata",
    "contrib.go.opencensus.io/exporter/stackdriver",
    "github.com/client9/misspell",
    "github.com/client9/misspell/cmd/misspell",
    "github.com/cloudevents/sdk-go",
    "github.com/cloudevents/sdk-go/pkg/cloudevents/client",
    "github.com/cloudevents/sdk-go/pkg/cloudevents/transport/http",
    "github.com/ghodss/yaml",
    "github.com/golang/dep/cmd/dep",
    "github.com/google/go-github/github",
    "github.com/google/uuid",
    "github.com/kelseyhightower/envconfig",
    "github.com/knative/build/pkg/apis/build/v1alpha1",
    "github.com/knative/build/pkg/client/clientset/versioned",
    "github.com/mattmoor/bindings/pkg/github",
    "github.com/mattmoor/bindings/pkg/slack",
    "github.com/nlopes/slack",
    "go.opencensus.io/plugin/ochttp",
    "go.opencensus.io/plugin/ochttp/propagation/b3",
    "go.opencensus.io/stats/view",
    "go.opencensus.io/trace",
    "go.opencensus.io/trace/propagation",
    "golang.org/x/tools/cmd/goimports",
    "gopkg.in/src-d/go-git.v4",
    "gopkg.in/src-d/go-git.v4/config",
    "gopkg.in/src-d/go-git.v4/plumbing",
    "gopkg.in/src-d/go-git.v4/plumbing/object",
    "gopkg.in/src-d/go-git.v4/plumbing/transport/http",
    "k8s.io/api/core/v1",
    "k8s.io/apimachinery/pkg/apis/meta/v1",
    "k8s.io/apimachinery/pkg/watch",
    "k8s.io/client-go/kubernetes",
    "k8s.io/client-go/rest",
    "knative.dev/pkg/ptr",
    "knative.dev/pkg/signals",
    "knative.dev/serving/pkg/pool",
    "sourcegraph.com/sourcegraph/go-diff/diff",
  ]
  solver-name = "gps-cdcl"
  solver-version = 1
